{
    "_readme": [
        "This file locks the dependencies of your project to a known state",
        "Read more about it at https://getcomposer.org/doc/01-basic-usage.md#composer-lock-the-lock-file",
        "This file is @generated automatically"
    ],
    "hash": "84595da70e2895c68cc84b98b8872866",
    "content-hash": "0074220ecc80cc96835cf20db700b579",
    "packages": [
        {
            "name": "doctrine/cache",
            "version": "v1.6.1",
            "source": {
                "type": "git",
                "url": "https://github.com/doctrine/cache.git",
                "reference": "b6f544a20f4807e81f7044d31e679ccbb1866dc3"
            },
            "dist": {
                "type": "zip",
                "url": "https://api.github.com/repos/doctrine/cache/zipball/b6f544a20f4807e81f7044d31e679ccbb1866dc3",
                "reference": "b6f544a20f4807e81f7044d31e679ccbb1866dc3",
                "shasum": ""
            },
            "require": {
                "php": "~5.5|~7.0"
            },
            "conflict": {
                "doctrine/common": ">2.2,<2.4"
            },
            "require-dev": {
                "phpunit/phpunit": "~4.8|~5.0",
                "predis/predis": "~1.0",
                "satooshi/php-coveralls": "~0.6"
            },
            "type": "library",
            "extra": {
                "branch-alias": {
                    "dev-master": "1.6.x-dev"
                }
            },
            "autoload": {
                "psr-4": {
                    "Doctrine\\Common\\Cache\\": "lib/Doctrine/Common/Cache"
                }
            },
            "notification-url": "https://packagist.org/downloads/",
            "license": [
                "MIT"
            ],
            "authors": [
                {
                    "name": "Roman Borschel",
                    "email": "roman@code-factory.org"
                },
                {
                    "name": "Benjamin Eberlei",
                    "email": "kontakt@beberlei.de"
                },
                {
                    "name": "Guilherme Blanco",
                    "email": "guilhermeblanco@gmail.com"
                },
                {
                    "name": "Jonathan Wage",
                    "email": "jonwage@gmail.com"
                },
                {
                    "name": "Johannes Schmitt",
                    "email": "schmittjoh@gmail.com"
                }
            ],
            "description": "Caching library offering an object-oriented API for many cache backends",
            "homepage": "http://www.doctrine-project.org",
            "keywords": [
                "cache",
                "caching"
            ],
            "time": "2016-10-29 11:16:17"
        },
        {
            "name": "firebase/php-jwt",
            "version": "v4.0.0",
            "source": {
                "type": "git",
                "url": "https://github.com/firebase/php-jwt.git",
                "reference": "dccf163dc8ed7ed6a00afc06c51ee5186a428d35"
            },
            "dist": {
                "type": "zip",
                "url": "https://api.github.com/repos/firebase/php-jwt/zipball/dccf163dc8ed7ed6a00afc06c51ee5186a428d35",
                "reference": "dccf163dc8ed7ed6a00afc06c51ee5186a428d35",
                "shasum": ""
            },
            "require": {
                "php": ">=5.3.0"
            },
            "type": "library",
            "autoload": {
                "psr-4": {
                    "Firebase\\JWT\\": "src"
                }
            },
            "notification-url": "https://packagist.org/downloads/",
            "license": [
                "BSD-3-Clause"
            ],
            "authors": [
                {
                    "name": "Neuman Vong",
                    "email": "neuman+pear@twilio.com",
                    "role": "Developer"
                },
                {
                    "name": "Anant Narayanan",
                    "email": "anant@php.net",
                    "role": "Developer"
                }
            ],
            "description": "A simple library to encode and decode JSON Web Tokens (JWT) in PHP. Should conform to the current spec.",
            "homepage": "https://github.com/firebase/php-jwt",
            "time": "2016-07-18 04:51:16"
        },
        {
            "name": "siu-toba/jwt-util",
            "version": "dev-master",
            "source": {
                "type": "git",
                "url": "https://github.com/SIU-Toba/jwt-util.git",
                "reference": "1d9ccb61066616fae5d440bad1a630115aa27f0b"
            },
            "dist": {
                "type": "zip",
                "url": "https://api.github.com/repos/SIU-Toba/jwt-util/zipball/1d9ccb61066616fae5d440bad1a630115aa27f0b",
                "reference": "1d9ccb61066616fae5d440bad1a630115aa27f0b",
                "shasum": ""
            },
            "require": {
                "firebase/php-jwt": "^4.0",
                "php": ">=5.6.0"
            },
            "type": "library",
            "autoload": {
                "psr-4": {
                    "": "src"
                }
            },
            "notification-url": "https://packagist.org/downloads/",
            "authors": [
                {
                    "name": "Sistema de Información Universitaria - SIU",
                    "email": "info@siu.edu.ar"
                }
            ],
            "description": "Una pequeña librería que autentica con Web Tokens JSON (JWT)",
            "homepage": "http://www.siu.edu.ar",
            "time": "2016-12-21 20:27:21"
        },
        {
            "name": "siu-toba/ssl-cert-utils",
            "version": "v1.0",
            "source": {
                "type": "git",
                "url": "https://github.com/SIU-Toba/ssl-cert-utils.git",
                "reference": "41d21366183d843f91834b47888d5d17198ca527"
            },
            "dist": {
                "type": "zip",
                "url": "https://api.github.com/repos/SIU-Toba/ssl-cert-utils/zipball/41d21366183d843f91834b47888d5d17198ca527",
                "reference": "41d21366183d843f91834b47888d5d17198ca527",
                "shasum": ""
            },
            "require": {
                "ext-openssl": "*",
                "php": ">=5.3.0"
            },
            "type": "project",
            "autoload": {
                "psr-4": {
                    "": "src"
                }
            },
            "notification-url": "https://packagist.org/downloads/",
            "authors": [
                {
                    "name": "Andrés Blanco",
                    "email": "ablanco@siu.edu.ar"
                }
            ],
            "description": "Utilidades para manipular y sacar información de certificados SSL",
            "time": "2016-04-12 18:08:51"
        }
    ],
    "packages-dev": [],
    "aliases": [],
    "minimum-stability": "stable",
    "stability-flags": {
        "siu-toba/jwt-util": 20
    },
    "prefer-stable": false,
    "prefer-lowest": false,
    "platform": {
        "php": ">=5.5.0"
    },
    "platform-dev": []
}
